
Microsoft Visual Studio Solution File, Format Version 12.00
Project("{FAE04EC0-301F-11D3-BF4B-00C04F79EFBC}") = "TemperatureMonitor", "TemperatureMonitor\TemperatureMonitor.csproj", "{7DD88A21-184D-4C9F-9301-AA48A543D44C}"
EndProject
Project("{FAE04EC0-301F-11D3-BF4B-00C04F79EFBC}") = "TemperatureMonitorTests", "TemperatureMonitorTests\TemperatureMonitorTests.csproj", "{A81EC9C0-7229-459B-998E-42E34671616F}"
EndProject
Project("{FAE04EC0-301F-11D3-BF4B-00C04F79EFBC}") = "TemperatureMonitorHost", "TemperatureMonitorHost\TemperatureMonitorHost.csproj", "{DD360CC4-88E2-49A2-BCA8-441E140F788B}"
EndProject
Global
	GlobalSection(SolutionConfigurationPlatforms) = preSolution
		Debug|Any CPU = Debug|Any CPU
		Release|Any CPU = Release|Any CPU
	EndGlobalSection
	GlobalSection(ProjectConfigurationPlatforms) = postSolution
		{7DD88A21-184D-4C9F-9301-AA48A543D44C}.Debug|Any CPU.ActiveCfg = Debug|Any CPU
		{7DD88A21-184D-4C9F-9301-AA48A543D44C}.Debug|Any CPU.Build.0 = Debug|Any CPU
		{7DD88A21-184D-4C9F-9301-AA48A543D44C}.Release|Any CPU.ActiveCfg = Release|Any CPU
		{7DD88A21-184D-4C9F-9301-AA48A543D44C}.Release|Any CPU.Build.0 = Release|Any CPU
		{A81EC9C0-7229-459B-998E-42E34671616F}.Debug|Any CPU.ActiveCfg = Debug|Any CPU
		{A81EC9C0-7229-459B-998E-42E34671616F}.Debug|Any CPU.Build.0 = Debug|Any CPU
		{A81EC9C0-7229-459B-998E-42E34671616F}.Release|Any CPU.ActiveCfg = Release|Any CPU
		{A81EC9C0-7229-459B-998E-42E34671616F}.Release|Any CPU.Build.0 = Release|Any CPU
		{DD360CC4-88E2-49A2-BCA8-441E140F788B}.Debug|Any CPU.ActiveCfg = Debug|Any CPU
		{DD360CC4-88E2-49A2-BCA8-441E140F788B}.Debug|Any CPU.Build.0 = Debug|Any CPU
		{DD360CC4-88E2-49A2-BCA8-441E140F788B}.Release|Any CPU.ActiveCfg = Release|Any CPU
		{DD360CC4-88E2-49A2-BCA8-441E140F788B}.Release|Any CPU.Build.0 = Release|Any CPU
	EndGlobalSection
EndGlobal
